// !$*UTF8*$!
{
	archiveVersion = 1;
	classes = {
	};
	objectVersion = 56;
	objects = {

/* Begin PBXBuildFile section */
		D6513DB52BBB0EAE004977E9 /* AppDelegate.swift in Sources */ = {isa = PBXBuildFile; fileRef = D6513DB42BBB0EAE004977E9 /* AppDelegate.swift */; };
		D6513DB72BBB0EAE004977E9 /* SceneDelegate.swift in Sources */ = {isa = PBXBuildFile; fileRef = D6513DB62BBB0EAE004977E9 /* SceneDelegate.swift */; };
		D6513DB92BBB0EAE004977E9 /* ViewController.swift in Sources */ = {isa = PBXBuildFile; fileRef = D6513DB82BBB0EAE004977E9 /* ViewController.swift */; };
		D6513DBC2BBB0EAE004977E9 /* Base in Resources */ = {isa = PBXBuildFile; fileRef = D6513DBB2BBB0EAE004977E9 /* Base */; };
		D6513DBE2BBB0EB1004977E9 /* Assets.xcassets in Resources */ = {isa = PBXBuildFile; fileRef = D6513DBD2BBB0EB1004977E9 /* Assets.xcassets */; };
		D6513DC12BBB0EB1004977E9 /* Base in Resources */ = {isa = PBXBuildFile; fileRef = D6513DC02BBB0EB1004977E9 /* Base */; };
		D6513DC92BC44262004977E9 /* HamptonViewController.swift in Sources */ = {isa = PBXBuildFile; fileRef = D6513DC82BC44262004977E9 /* HamptonViewController.swift */; };
		D6513DCB2BC442D9004977E9 /* HamViewController.swift in Sources */ = {isa = PBXBuildFile; fileRef = D6513DCA2BC442D9004977E9 /* HamViewController.swift */; };
/* End PBXBuildFile section */

/* Begin PBXFileReference section */
		D6513DB12BBB0EAE004977E9 /* Konde_SocialMedia.app */ = {isa = PBXFileReference; explicitFileType = wrapper.application; includeInIndex = 0; path = Konde_SocialMedia.app; sourceTree = BUILT_PRODUCTS_DIR; };
		D6513DB42BBB0EAE004977E9 /* AppDelegate.swift */ = {isa = PBXFileReference; lastKnownFileType = sourcecode.swift; path = AppDelegate.swift; sourceTree = "<group>"; };
		D6513DB62BBB0EAE004977E9 /* SceneDelegate.swift */ = {isa = PBXFileReference; lastKnownFileType = sourcecode.swift; path = SceneDelegate.swift; sourceTree = "<group>"; };
		D6513DB82BBB0EAE004977E9 /* ViewController.swift */ = {isa = PBXFileReference; lastKnownFileType = sourcecode.swift; path = ViewController.swift; sourceTree = "<group>"; };
		D6513DBB2BBB0EAE004977E9 /* Base */ = {isa = PBXFileReference; lastKnownFileType = file.storyboard; name = Base; path = Base.lproj/Main.storyboard; sourceTree = "<group>"; };
		D6513DBD2BBB0EB1004977E9 /* Assets.xcassets */ = {isa = PBXFileReference; lastKnownFileType = folder.assetcatalog; path = Assets.xcassets; sourceTree = "<group>"; };
		D6513DC02BBB0EB1004977E9 /* Base */ = {isa = PBXFileReference; lastKnownFileType = file.storyboard; name = Base; path = Base.lproj/LaunchScreen.storyboard; sourceTree = "<group>"; };
		D6513DC22BBB0EB1004977E9 /* Info.plist */ = {isa = PBXFileReference; lastKnownFileType = text.plist.xml; path = Info.plist; sourceTree = "<group>"; };
		D6513DC82BC44262004977E9 /* HamptonViewController.swift */ = {isa = PBXFileReference; lastKnownFileType = sourcecode.swift; path = HamptonViewController.swift; sourceTree = "<group>"; };
		D6513DCA2BC442D9004977E9 /* HamViewController.swift */ = {isa = PBXFileReference; lastKnownFileType = sourcecode.swift; path = HamViewController.swift; sourceTree = "<group>"; };
/* End PBXFileReference section */

/* Begin PBXFrameworksBuildPhase section */
		D6513DAE2BBB0EAE004977E9 /* Frameworks */ = {
			isa = PBXFrameworksBuildPhase;
			buildActionMask = 2147483647;
			files = (
			);
			runOnlyForDeploymentPostprocessing = 0;
		};
/* End PBXFrameworksBuildPhase section */

/* Begin PBXGroup section */
		D6513DA82BBB0EAE004977E9 = {
			isa = PBXGroup;
			children = (
				D6513DB32BBB0EAE004977E9 /* Konde_SocialMedia */,
				D6513DB22BBB0EAE004977E9 /* Products */,
			);
			sourceTree = "<group>";
		};
		D6513DB22BBB0EAE004977E9 /* Products */ = {
			isa = PBXGroup;
			children = (
				D6513DB12BBB0EAE004977E9 /* Konde_SocialMedia.app */,
			);
			name = Products;
			sourceTree = "<group>";
		};
		D6513DB32BBB0EAE004977E9 /* Konde_SocialMedia */ = {
			isa = PBXGroup;
			children = (
				D6513DB42BBB0EAE004977E9 /* AppDelegate.swift */,
				D6513DB62BBB0EAE004977E9 /* SceneDelegate.swift */,
				D6513DB82BBB0EAE004977E9 /* ViewController.swift */,
				D6513DC82BC44262004977E9 /* HamptonViewController.swift */,
				D6513DCA2BC442D9004977E9 /* HamViewController.swift */,
				D6513DBA2BBB0EAE004977E9 /* Main.storyboard */,
				D6513DBD2BBB0EB1004977E9 /* Assets.xcassets */,
				D6513DBF2BBB0EB1004977E9 /* LaunchScreen.storyboard */,
				D6513DC22BBB0EB1004977E9 /* Info.plist */,
			);
			path = Konde_SocialMedia;
			sourceTree = "<group>";
		};
/* End PBXGroup section */

/* Begin PBXNativeTarget section */
		D6513DB02BBB0EAE004977E9 /* Konde_SocialMedia */ = {
			isa = PBXNativeTarget;
			buildConfigurationList = D6513DC52BBB0EB1004977E9 /* Build configuration list for PBXNativeTarget "Konde_SocialMedia" */;
			buildPhases = (
				D6513DAD2BBB0EAE004977E9 /* Sources */,
				D6513DAE2BBB0EAE004977E9 /* Frameworks */,
				D6513DAF2BBB0EAE004977E9 /* Resources */,
			);
			buildRules = (
			);
			dependencies = (
			);
			name = Konde_SocialMedia;
			productName = Konde_SocialMedia;
			productReference = D6513DB12BBB0EAE004977E9 /* Konde_SocialMedia.app */;
			productType = "com.apple.product-type.application";
		};
/* End PBXNativeTarget section */

/* Begin PBXProject section */
		D6513DA92BBB0EAE004977E9 /* Project object */ = {
			isa = PBXProject;
			attributes = {
				BuildIndependentTargetsInParallel = 1;
				LastSwiftUpdateCheck = 1530;
				LastUpgradeCheck = 1530;
				TargetAttributes = {
					D6513DB02BBB0EAE004977E9 = {
						CreatedOnToolsVersion = 15.3;
					};
				};
			};
			buildConfigurationList = D6513DAC2BBB0EAE004977E9 /* Build configuration list for PBXProject "Konde_SocialMedia" */;
			compatibilityVersion = "Xcode 14.0";
			developmentRegion = en;
			hasScannedForEncodings = 0;
			knownRegions = (
				en,
				Base,
			);
			mainGroup = D6513DA82BBB0EAE004977E9;
			productRefGroup = D6513DB22BBB0EAE004977E9 /* Products */;
			projectDirPath = "";
			projectRoot = "";
			targets = (
				D6513DB02BBB0EAE004977E9 /* Konde_SocialMedia */,
			);
		};
/* End PBXProject section */

/* Begin PBXResourcesBuildPhase section */
		D6513DAF2BBB0EAE004977E9 /* Resources */ = {
			isa = PBXResourcesBuildPhase;
			buildActionMask = 2147483647;
			files = (
				D6513DBE2BBB0EB1004977E9 /* Assets.xcassets in Resources */,
				D6513DC12BBB0EB1004977E9 /* Base in Resources */,
				D6513DBC2BBB0EAE004977E9 /* Base in Resources */,
			);
			runOnlyForDeploymentPostprocessing = 0;
		};
/* End PBXResourcesBuildPhase section */

/* Begin PBXSourcesBuildPhase section */
		D6513DAD2BBB0EAE004977E9 /* Sources */ = {
			isa = PBXSourcesBuildPhase;
			buildActionMask = 2147483647;
			files = (
				D6513DC92BC44262004977E9 /* HamptonViewController.swift in Sources */,
				D6513DCB2BC442D9004977E9 /* HamViewController.swift in Sources */,
				D6513DB92BBB0EAE004977E9 /* ViewController.swift in Sources */,
				D6513DB52BBB0EAE004977E9 /* AppDelegate.swift in Sources */,
				D6513DB72BBB0EAE004977E9 /* SceneDelegate.swift in Sources */,
			);
			runOnlyForDeploymentPostprocessing = 0;
		};
/* End PBXSourcesBuildPhase section */

/* Begin PBXVariantGroup section */
		D6513DBA2BBB0EAE004977E9 /* Main.storyboard */ = {
			isa = PBXVariantGroup;
			children = (
				D6513DBB2BBB0EAE004977E9 /* Base */,
			);
			name = Main.storyboard;
			sourceTree = "<group>";
		};
		D6513DBF2BBB0EB1004977E9 /* LaunchScreen.storyboard */ = {
			isa = PBXVariantGroup;
			children = (
				D6513DC02BBB0EB1004977E9 /* Base */,
			);
			name = LaunchScreen.storyboard;
			sourceTree = "<group>";
		};
/* End PBXVariantGroup section */

/* Begin XCBuildConfiguration section */
		D6513DC32BBB0EB1004977E9 /* Debug */ = {
			isa = XCBuildConfiguration;
			buildSettings = {
				ALWAYS_SEARCH_USER_PATHS = NO;
				ASSETCATALOG_COMPILER_GENERATE_SWIFT_ASSET_SYMBOL_EXTENSIONS = YES;
				CLANG_ANALYZER_NONNULL = YES;
				CLANG_ANALYZER_NUMBER_OBJECT_CONVERSION = YES_AGGRESSIVE;
				CLANG_CXX_LANGUAGE_STANDARD = "gnu++20";
				CLANG_ENABLE_MODULES = YES;
				CLANG_ENABLE_OBJC_ARC = YES;
				CLANG_ENABLE_OBJC_WEAK = YES;
				CLANG_WARN_BLOCK_CAPTURE_AUTORELEASING = YES;
				CLANG_WARN_BOOL_CONVERSION = YES;
				CLANG_WARN_COMMA = YES;
				CLANG_WARN_CONSTANT_CONVERSION = YES;
				CLANG_WARN_DEPRECATED_OBJC_IMPLEMENTATIONS = YES;
				CLANG_WARN_DIRECT_OBJC_ISA_USAGE = YES_ERROR;
				CLANG_WARN_DOCUMENTATION_COMMENTS = YES;
				CLANG_WARN_EMPTY_BODY = YES;
				CLANG_WARN_ENUM_CONVERSION = YES;
				CLANG_WARN_INFINITE_RECURSION = YES;
				CLANG_WARN_INT_CONVERSION = YES;
				CLANG_WARN_NON_LITERAL_NULL_CONVERSION = YES;
				CLANG_WARN_OBJC_IMPLICIT_RETAIN_SELF = YES;
				CLANG_WARN_OBJC_LITERAL_CONVERSION = YES;
				CLANG_WARN_OBJC_ROOT_CLASS = YES_ERROR;
				CLANG_WARN_QUOTED_INCLUDE_IN_FRAMEWORK_HEADER = YES;
				CLANG_WARN_RANGE_LOOP_ANALYSIS = YES;
				CLANG_WARN_STRICT_PROTOTYPES = YES;
				CLANG_WARN_SUSPICIOUS_MOVE = YES;
				CLANG_WARN_UNGUARDED_AVAILABILITY = YES_AGGRESSIVE;
				CLANG_WARN_UNREACHABLE_CODE = YES;
				CLANG_WARN__DUPLICATE_METHOD_MATCH = YES;
				COPY_PHASE_STRIP = NO;
				DEBUG_INFORMATION_FORMAT = dwarf;
				ENABLE_STRICT_OBJC_MSGSEND = YES;
				ENABLE_TESTABILITY = YES;
				ENABLE_USER_SCRIPT_SANDBOXING = YES;
				GCC_C_LANGUAGE_STANDARD = gnu17;
				GCC_DYNAMIC_NO_PIC = NO;
				GCC_NO_COMMON_BLOCKS = YES;
				GCC_OPTIMIZATION_LEVEL = 0;
				GCC_PREPROCESSOR_DEFINITIONS = (
					"DEBUG=1",
					"$(inherited)",
				);
				GCC_WARN_64_TO_32_BIT_CONVERSION = YES;
				GCC_WARN_ABOUT_RETURN_TYPE = YES_ERROR;
				GCC_WARN_UNDECLARED_SELECTOR = YES;
				GCC_WARN_UNINITIALIZED_AUTOS = YES_AGGRESSIVE;
				GCC_WARN_UNUSED_FUNCTION = YES;
				GCC_WARN_UNUSED_VARIABLE = YES;
				IPHONEOS_DEPLOYMENT_TARGET = 17.4;
				LOCALIZATION_PREFERS_STRING_CATALOGS = YES;
				MTL_ENABLE_DEBUG_INFO = INCLUDE_SOURCE;
				MTL_FAST_MATH = YES;
				ONLY_ACTIVE_ARCH = YES;
				SDKROOT = iphoneos;
				SWIFT_ACTIVE_COMPILATION_CONDITIONS = "DEBUG $(inherited)";
				SWIFT_OPTIMIZATION_LEVEL = "-Onone";
			};
			name = Debug;
		};
		D6513DC42BBB0EB1004977E9 /* Release */ = {
			isa = XCBuildConfiguration;
			buildSettings = {
				ALWAYS_SEARCH_USER_PATHS = NO;
				ASSETCATALOG_COMPILER_GENERATE_SWIFT_ASSET_SYMBOL_EXTENSIONS = YES;
				CLANG_ANALYZER_NONNULL = YES;
				CLANG_ANALYZER_NUMBER_OBJECT_CONVERSION = YES_AGGRESSIVE;
				CLANG_CXX_LANGUAGE_STANDARD = "gnu++20";
				CLANG_ENABLE_MODULES = YES;
				CLANG_ENABLE_OBJC_ARC = YES;
				CLANG_ENABLE_OBJC_WEAK = YES;
				CLANG_WARN_BLOCK_CAPTURE_AUTORELEASING = YES;
				CLANG_WARN_BOOL_CONVERSION = YES;
				CLANG_WARN_COMMA = YES;
				CLANG_WARN_CONSTANT_CONVERSION = YES;
				CLANG_WARN_DEPRECATED_OBJC_IMPLEMENTATIONS = YES;
				CLANG_WARN_DIRECT_OBJC_ISA_USAGE = YES_ERROR;
				CLANG_WARN_DOCUMENTATION_COMMENTS = YES;
				CLANG_WARN_EMPTY_BODY = YES;
				CLANG_WARN_ENUM_CONVERSION = YES;
				CLANG_WARN_INFINITE_RECURSION = YES;
				CLANG_WARN_INT_CONVERSION = YES;
				CLANG_WARN_NON_LITERAL_NULL_CONVERSION = YES;
				CLANG_WARN_OBJC_IMPLICIT_RETAIN_SELF = YES;
				CLANG_WARN_OBJC_LITERAL_CONVERSION = YES;
				CLANG_WARN_OBJC_ROOT_CLASS = YES_ERROR;
				CLANG_WARN_QUOTED_INCLUDE_IN_FRAMEWORK_HEADER = YES;
				CLANG_WARN_RANGE_LOOP_ANALYSIS = YES;
				CLANG_WARN_STRICT_PROTOTYPES = YES;
				CLANG_WARN_SUSPICIOUS_MOVE = YES;
				CLANG_WARN_UNGUARDED_AVAILABILITY = YES_AGGRESSIVE;
				CLANG_WARN_UNREACHABLE_CODE = YES;
				CLANG_WARN__DUPLICATE_METHOD_MATCH = YES;
				COPY_PHASE_STRIP = NO;
				DEBUG_INFORMATION_FORMAT = "dwarf-with-dsym";
				ENABLE_NS_ASSERTIONS = NO;
				ENABLE_STRICT_OBJC_MSGSEND = YES;
				ENABLE_USER_SCRIPT_SANDBOXING = YES;
				GCC_C_LANGUAGE_STANDARD = gnu17;
				GCC_NO_COMMON_BLOCKS = YES;
				GCC_WARN_64_TO_32_BIT_CONVERSION = YES;
				GCC_WARN_ABOUT_RETURN_TYPE = YES_ERROR;
				GCC_WARN_UNDECLARED_SELECTOR = YES;
				GCC_WARN_UNINITIALIZED_AUTOS = YES_AGGRESSIVE;
				GCC_WARN_UNUSED_FUNCTION = YES;
				GCC_WARN_UNUSED_VARIABLE = YES;
				IPHONEOS_DEPLOYMENT_TARGET = 17.4;
				LOCALIZATION_PREFERS_STRING_CATALOGS = YES;
				MTL_ENABLE_DEBUG_INFO = NO;
				MTL_FAST_MATH = YES;
				SDKROOT = iphoneos;
				SWIFT_COMPILATION_MODE = wholemodule;
				VALIDATE_PRODUCT = YES;
			};
			name = Release;
		};
		D6513DC62BBB0EB1004977E9 /* Debug */ = {
			isa = XCBuildConfiguration;
			buildSettings = {
				ASSETCATALOG_COMPILER_APPICON_NAME = AppIcon;
				ASSETCATALOG_COMPILER_GLOBAL_ACCENT_COLOR_NAME = AccentColor;
				CODE_SIGN_STYLE = Automatic;
				CURRENT_PROJECT_VERSION = 1;
				GENERATE_INFOPLIST_FILE = YES;
				INFOPLIST_FILE = Konde_SocialMedia/Info.plist;
				INFOPLIST_KEY_UIApplicationSupportsIndirectInputEvents = YES;
				INFOPLIST_KEY_UILaunchStoryboardName = LaunchScreen;
				INFOPLIST_KEY_UIMainStoryboardFile = Main;
				INFOPLIST_KEY_UISupportedInterfaceOrientations_iPad = "UIInterfaceOrientationPortrait UIInterfaceOrientationPortraitUpsideDown UIInterfaceOrientationLandscapeLeft UIInterfaceOrientationLandscapeRight";
				INFOPLIST_KEY_UISupportedInterfaceOrientations_iPhone = "UIInterfaceOrientationPortrait UIInterfaceOrientationLandscapeLeft UIInterfaceOrientationLandscapeRight";
				LD_RUNPATH_SEARCH_PATHS = (
					"$(inherited)",
					"@executable_path/Frameworks",
				);
				MARKETING_VERSION = 1.0;
				PRODUCT_BUNDLE_IDENTIFIER = "CSC291.Konde-SocialMedia";
				PRODUCT_NAME = "$(TARGET_NAME)";
				SWIFT_EMIT_LOC_STRINGS = YES;
				SWIFT_VERSION = 5.0;
				TARGETED_DEVICE_FAMILY = "1,2";
			};
			name = Debug;
		};
		D6513DC72BBB0EB1004977E9 /* Release */ = {
			isa = XCBuildConfiguration;
			buildSettings = {
				ASSETCATALOG_COMPILER_APPICON_NAME = AppIcon;
				ASSETCATALOG_COMPILER_GLOBAL_ACCENT_COLOR_NAME = AccentColor;
				CODE_SIGN_STYLE = Automatic;
				CURRENT_PROJECT_VERSION = 1;
				GENERATE_INFOPLIST_FILE = YES;
				INFOPLIST_FILE = Konde_SocialMedia/Info.plist;
				INFOPLIST_KEY_UIApplicationSupportsIndirectInputEvents = YES;
				INFOPLIST_KEY_UILaunchStoryboardName = LaunchScreen;
				INFOPLIST_KEY_UIMainStoryboardFile = Main;
				INFOPLIST_KEY_UISupportedInterfaceOrientations_iPad = "UIInterfaceOrientationPortrait UIInterfaceOrientationPortraitUpsideDown UIInterfaceOrientationLandscapeLeft UIInterfaceOrientationLandscapeRight";
				INFOPLIST_KEY_UISupportedInterfaceOrientations_iPhone = "UIInterfaceOrientationPortrait UIInterfaceOrientationLandscapeLeft UIInterfaceOrientationLandscapeRight";
				LD_RUNPATH_SEARCH_PATHS = (
					"$(inherited)",
					"@executable_path/Frameworks",
				);
				MARKETING_VERSION = 1.0;
				PRODUCT_BUNDLE_IDENTIFIER = "CSC291.Konde-SocialMedia";
				PRODUCT_NAME = "$(TARGET_NAME)";
				SWIFT_EMIT_LOC_STRINGS = YES;
				SWIFT_VERSION = 5.0;
				TARGETED_DEVICE_FAMILY = "1,2";
			};
			name = Release;
		};
/* End XCBuildConfiguration section */

/* Begin XCConfigurationList section */
		D6513DAC2BBB0EAE004977E9 /* Build configuration list for PBXProject "Konde_SocialMedia" */ = {
			isa = XCConfigurationList;
			buildConfigurations = (
				D6513DC32BBB0EB1004977E9 /* Debug */,
				D6513DC42BBB0EB1004977E9 /* Release */,
			);
			defaultConfigurationIsVisible = 0;
			defaultConfigurationName = Release;
		};
		D6513DC52BBB0EB1004977E9 /* Build configuration list for PBXNativeTarget "Konde_SocialMedia" */ = {
			isa = XCConfigurationList;
			buildConfigurations = (
				D6513DC62BBB0EB1004977E9 /* Debug */,
				D6513DC72BBB0EB1004977E9 /* Release */,
			);
			defaultConfigurationIsVisible = 0;
			defaultConfigurationName = Release;
		};
/* End XCConfigurationList section */
	};
	rootObject = D6513DA92BBB0EAE004977E9 /* Project object */;
}
